<?xml version="1.0" encoding="utf-8"?>
<Project ToolsVersion="4.0" xmlns="http://schemas.microsoft.com/developer/msbuild/2003">
  <ItemGroup>
    <Filter Include="Problem">
      <UniqueIdentifier>{0174ac60-b2e6-474f-b893-f51ace322e95}</UniqueIdentifier>
    </Filter>
  </ItemGroup>
  <ItemGroup>
    <ClCompile Include="10950.cpp">
      <Filter>Problem</Filter>
    </ClCompile>
    <ClCompile Include="2558.cpp">
      <Filter>Problem</Filter>
    </ClCompile>
    <ClCompile Include="10951.cpp">
      <Filter>Problem</Filter>
    </ClCompile>
    <ClCompile Include="10952.cpp">
      <Filter>Problem</Filter>
    </ClCompile>
    <ClCompile Include="10953.cpp">
      <Filter>Problem</Filter>
    </ClCompile>
    <ClCompile Include="11021.cpp">
      <Filter>Problem</Filter>
    </ClCompile>
    <ClCompile Include="11022.cpp">
      <Filter>Problem</Filter>
    </ClCompile>
    <ClCompile Include="11718.cpp">
      <Filter>Problem</Filter>
    </ClCompile>
    <ClCompile Include="11719.cpp">
      <Filter>Problem</Filter>
    </ClCompile>
    <ClCompile Include="11720.cpp">
      <Filter>Problem</Filter>
    </ClCompile>
  </ItemGroup>
</Project>